<Solution>
  <Configurations>
    <Platform Name="Any CPU" />
    <Platform Name="x64" />
    <Platform Name="x86" />
  </Configurations>
  <Project Path="ProjetoCRUD1/ProjetoCRUD1.csproj" Id="101a4af6-9e30-4853-b850-816a3d050d63">
    <Platform Solution="*|x64" Project="x64" />
    <Platform Solution="*|x86" Project="x86" />
  </Project>
</Solution>
